
Microsoft Visual Studio Solution File, Format Version 12.00
# Visual Studio Version 17
VisualStudioVersion = 17.13.35931.197 d17.13
MinimumVisualStudioVersion = 10.0.40219.1
Project("{FAE04EC0-301F-11D3-BF4B-00C04F79EFBC}") = "AplicacaoManager", "AplicacaoManager\AplicacaoManager.csproj", "{CDEC9ACD-5386-48FC-B50B-BD37664DD340}"
EndProject
Global
	GlobalSection(SolutionConfigurationPlatforms) = preSolution
		Debug|Any CPU = Debug|Any CPU
		Release|Any CPU = Release|Any CPU
	EndGlobalSection
	GlobalSection(ProjectConfigurationPlatforms) = postSolution
		{CDEC9ACD-5386-48FC-B50B-BD37664DD340}.Debug|Any CPU.ActiveCfg = Debug|Any CPU
		{CDEC9ACD-5386-48FC-B50B-BD37664DD340}.Debug|Any CPU.Build.0 = Debug|Any CPU
		{CDEC9ACD-5386-48FC-B50B-BD37664DD340}.Release|Any CPU.ActiveCfg = Release|Any CPU
		{CDEC9ACD-5386-48FC-B50B-BD37664DD340}.Release|Any CPU.Build.0 = Release|Any CPU
	EndGlobalSection
	GlobalSection(SolutionProperties) = preSolution
		HideSolutionNode = FALSE
	EndGlobalSection
	GlobalSection(ExtensibilityGlobals) = postSolution
		SolutionGuid = {D16CC5AC-ADDC-437E-9EB5-3922E7EB420C}
	EndGlobalSection
EndGlobal
