
Microsoft Visual Studio Solution File, Format Version 12.00
# Visual Studio Version 17
VisualStudioVersion = 17.13.35825.156 d17.13
MinimumVisualStudioVersion = 10.0.40219.1
Project("{FAE04EC0-301F-11D3-BF4B-00C04F79EFBC}") = "AplicacaoWeb", "AplicacaoWeb\AplicacaoWeb.csproj", "{B54DE56E-84F2-4FBA-8697-14ECA3483086}"
EndProject
Global
	GlobalSection(SolutionConfigurationPlatforms) = preSolution
		Debug|Any CPU = Debug|Any CPU
		Release|Any CPU = Release|Any CPU
	EndGlobalSection
	GlobalSection(ProjectConfigurationPlatforms) = postSolution
		{B54DE56E-84F2-4FBA-8697-14ECA3483086}.Debug|Any CPU.ActiveCfg = Debug|Any CPU
		{B54DE56E-84F2-4FBA-8697-14ECA3483086}.Debug|Any CPU.Build.0 = Debug|Any CPU
		{B54DE56E-84F2-4FBA-8697-14ECA3483086}.Release|Any CPU.ActiveCfg = Release|Any CPU
		{B54DE56E-84F2-4FBA-8697-14ECA3483086}.Release|Any CPU.Build.0 = Release|Any CPU
	EndGlobalSection
	GlobalSection(SolutionProperties) = preSolution
		HideSolutionNode = FALSE
	EndGlobalSection
	GlobalSection(ExtensibilityGlobals) = postSolution
		SolutionGuid = {B03AA70E-0F82-4D2B-BF10-4CC348401FAF}
	EndGlobalSection
EndGlobal
